
Microsoft Visual Studio Solution File, Format Version 12.00
# Visual Studio 15
Project("{FAE04EC0-301F-11D3-BF4B-00C04F79EFBC}") = "Oculus.VR", "Oculus.VR.csproj", "{7A44E96F-7109-BC4F-A955-DC02C9E37531}"
EndProject
Project("{FAE04EC0-301F-11D3-BF4B-00C04F79EFBC}") = "PhotonUnityNetworking.Demos", "PhotonUnityNetworking.Demos.csproj", "{786B2915-BC0F-29F8-9582-65B645F3AD78}"
EndProject
Project("{FAE04EC0-301F-11D3-BF4B-00C04F79EFBC}") = "VoiceSDK.Dictation.Runtime", "VoiceSDK.Dictation.Runtime.csproj", "{9CB9DAFF-9A27-9BC8-8635-1B161FF2377C}"
EndProject
Project("{FAE04EC0-301F-11D3-BF4B-00C04F79EFBC}") = "PhotonRealtime", "PhotonRealtime.csproj", "{FBC65114-D8BB-4279-A142-61526748CE7A}"
EndProject
Project("{FAE04EC0-301F-11D3-BF4B-00C04F79EFBC}") = "PhotonUnityNetworking", "PhotonUnityNetworking.csproj", "{2725FD5A-EDDA-6A91-FEDC-29BDC298A809}"
EndProject
Project("{FAE04EC0-301F-11D3-BF4B-00C04F79EFBC}") = "VoiceSDK.Runtime", "VoiceSDK.Runtime.csproj", "{588EF3C7-7408-35DB-DB00-836BB7071324}"
EndProject
Project("{FAE04EC0-301F-11D3-BF4B-00C04F79EFBC}") = "Assembly-CSharp", "Assembly-CSharp.csproj", "{D3169E43-5F32-4E43-BDF5-234841B528C3}"
EndProject
Project("{FAE04EC0-301F-11D3-BF4B-00C04F79EFBC}") = "PhotonUnityNetworking.Utilities", "PhotonUnityNetworking.Utilities.csproj", "{923AF50C-A787-2358-988B-4C514095FB5A}"
EndProject
Project("{FAE04EC0-301F-11D3-BF4B-00C04F79EFBC}") = "Facebook.WitAI", "Facebook.WitAI.csproj", "{D559D7E3-E8DF-4212-9169-A81066B65A39}"
EndProject
Project("{FAE04EC0-301F-11D3-BF4B-00C04F79EFBC}") = "Oculus.Voice.Demo", "Oculus.Voice.Demo.csproj", "{AF961FB2-14A1-63F7-F966-2DC7CA69D7F1}"
EndProject
Project("{FAE04EC0-301F-11D3-BF4B-00C04F79EFBC}") = "AssistantCoreSDKRuntime", "AssistantCoreSDKRuntime.csproj", "{085B0977-19DD-D2B8-F05C-0CE8C6824A62}"
EndProject
Project("{FAE04EC0-301F-11D3-BF4B-00C04F79EFBC}") = "LitJson", "LitJson.csproj", "{0B7C94D0-0FEA-7B83-78D4-AE23D91EC34D}"
EndProject
Project("{FAE04EC0-301F-11D3-BF4B-00C04F79EFBC}") = "PhotonChat", "PhotonChat.csproj", "{8A700FDB-72EA-C18B-05C8-4D868A69F904}"
EndProject
Project("{FAE04EC0-301F-11D3-BF4B-00C04F79EFBC}") = "Facebook.Wit.Conduit", "Facebook.Wit.Conduit.csproj", "{86B9FC75-1D5D-7FEF-8CEB-6A7522CEF136}"
EndProject
Project("{FAE04EC0-301F-11D3-BF4B-00C04F79EFBC}") = "Facebook.Wit.Dictation", "Facebook.Wit.Dictation.csproj", "{AA3B2C5F-3142-FEF4-05CD-E17C4FDB0E67}"
EndProject
Project("{FAE04EC0-301F-11D3-BF4B-00C04F79EFBC}") = "Facebook.Wit.TTS", "Facebook.Wit.TTS.csproj", "{847FBDEE-CA79-8081-A5B3-13D5914F6E51}"
EndProject
Project("{FAE04EC0-301F-11D3-BF4B-00C04F79EFBC}") = "Facebook.Wit.TTS.Samples", "Facebook.Wit.TTS.Samples.csproj", "{D6784D75-471C-D5E2-0A38-19864AE05C93}"
EndProject
Project("{FAE04EC0-301F-11D3-BF4B-00C04F79EFBC}") = "Facebook.Wit.Editor", "Facebook.Wit.Editor.csproj", "{71A6A73F-331F-8991-3CCB-37AB07060DF6}"
EndProject
Project("{FAE04EC0-301F-11D3-BF4B-00C04F79EFBC}") = "PhotonUnityNetworking.Editor", "PhotonUnityNetworking.Editor.csproj", "{BBFBBA75-9A73-F7C6-944D-AEE823A89F15}"
EndProject
Project("{FAE04EC0-301F-11D3-BF4B-00C04F79EFBC}") = "Facebook.Wit.Conduit.Editor", "Facebook.Wit.Conduit.Editor.csproj", "{AE4325FC-9DC9-F82A-2164-7A5F4E65C53F}"
EndProject
Project("{FAE04EC0-301F-11D3-BF4B-00C04F79EFBC}") = "Facebook.Wit.TTS.Editor", "Facebook.Wit.TTS.Editor.csproj", "{4EF45959-867F-1F54-A5C4-F0FFFBB38BFC}"
EndProject
Project("{FAE04EC0-301F-11D3-BF4B-00C04F79EFBC}") = "PhotonUnityNetworking.Utilities.PhotonPlayer.Editor", "PhotonUnityNetworking.Utilities.PhotonPlayer.Editor.csproj", "{588E694C-736E-2D13-81BB-F486FB3E33EE}"
EndProject
Project("{FAE04EC0-301F-11D3-BF4B-00C04F79EFBC}") = "VoiceSDK.Dictation.Editor", "VoiceSDK.Dictation.Editor.csproj", "{230E8C0D-0B12-3A10-6B24-B8396DE1BE01}"
EndProject
Project("{FAE04EC0-301F-11D3-BF4B-00C04F79EFBC}") = "VoiceSDK.Editor", "VoiceSDK.Editor.csproj", "{3303F83E-0D6D-C570-416F-07FA1B5B3167}"
EndProject
Project("{FAE04EC0-301F-11D3-BF4B-00C04F79EFBC}") = "Oculus.VR.Scripts.Editor", "Oculus.VR.Scripts.Editor.csproj", "{5D855423-7A2B-5F3E-9411-5B1C6FAA0BAA}"
EndProject
Project("{FAE04EC0-301F-11D3-BF4B-00C04F79EFBC}") = "Unity.XR.Management.Samples.Editor", "Unity.XR.Management.Samples.Editor.csproj", "{9F5820EE-D90A-8FF8-E051-51554EB997F4}"
EndProject
Project("{FAE04EC0-301F-11D3-BF4B-00C04F79EFBC}") = "Assembly-CSharp-Editor", "Assembly-CSharp-Editor.csproj", "{A9B63A44-0B2B-477F-5F1C-ED9B0788F834}"
EndProject
Project("{FAE04EC0-301F-11D3-BF4B-00C04F79EFBC}") = "Oculus.VR.Editor", "Oculus.VR.Editor.csproj", "{EEEF632B-B766-C376-492A-2E986E29BC55}"
EndProject
Project("{FAE04EC0-301F-11D3-BF4B-00C04F79EFBC}") = "Unity.XR.Management.Samples", "Unity.XR.Management.Samples.csproj", "{6EFE9D3F-55C1-1586-E1CF-70523678E330}"
EndProject
Project("{FAE04EC0-301F-11D3-BF4B-00C04F79EFBC}") = "Facebook.Wit.Dictation.Editor", "Facebook.Wit.Dictation.Editor.csproj", "{3DBBB395-8B55-5111-EDFF-EEB05DD4E70F}"
EndProject
Project("{FAE04EC0-301F-11D3-BF4B-00C04F79EFBC}") = "PunDemos.DemoSlotcarEditor", "PunDemos.DemoSlotcarEditor.csproj", "{675975A1-D1ED-D03C-CFC2-721C69543301}"
EndProject
Project("{FAE04EC0-301F-11D3-BF4B-00C04F79EFBC}") = "PhotonUnityNetworking.Utilities.Culling.Editor", "PhotonUnityNetworking.Utilities.Culling.Editor.csproj", "{06C080AB-DA39-7365-D75E-A9E36159EDEB}"
EndProject
Project("{FAE04EC0-301F-11D3-BF4B-00C04F79EFBC}") = "PunDemos.DemoHubEditor", "PunDemos.DemoHubEditor.csproj", "{61F43DC7-6636-C6D4-E258-5EEAF1627DB5}"
EndProject
Project("{FAE04EC0-301F-11D3-BF4B-00C04F79EFBC}") = "AssistantCoreSDKEditor", "AssistantCoreSDKEditor.csproj", "{A50D0133-9DA0-2680-D49F-CB75D2011AA0}"
EndProject
Global
	GlobalSection(SolutionConfigurationPlatforms) = preSolution
		Debug|Any CPU = Debug|Any CPU
		Release|Any CPU = Release|Any CPU
	EndGlobalSection
	GlobalSection(ProjectConfigurationPlatforms) = postSolution
		{7A44E96F-7109-BC4F-A955-DC02C9E37531}.Debug|Any CPU.ActiveCfg = Debug|Any CPU
		{7A44E96F-7109-BC4F-A955-DC02C9E37531}.Debug|Any CPU.Build.0 = Debug|Any CPU
		{7A44E96F-7109-BC4F-A955-DC02C9E37531}.Release|Any CPU.ActiveCfg = Release|Any CPU
		{7A44E96F-7109-BC4F-A955-DC02C9E37531}.Release|Any CPU.Build.0 = Release|Any CPU
		{786B2915-BC0F-29F8-9582-65B645F3AD78}.Debug|Any CPU.ActiveCfg = Debug|Any CPU
		{786B2915-BC0F-29F8-9582-65B645F3AD78}.Debug|Any CPU.Build.0 = Debug|Any CPU
		{786B2915-BC0F-29F8-9582-65B645F3AD78}.Release|Any CPU.ActiveCfg = Release|Any CPU
		{786B2915-BC0F-29F8-9582-65B645F3AD78}.Release|Any CPU.Build.0 = Release|Any CPU
		{9CB9DAFF-9A27-9BC8-8635-1B161FF2377C}.Debug|Any CPU.ActiveCfg = Debug|Any CPU
		{9CB9DAFF-9A27-9BC8-8635-1B161FF2377C}.Debug|Any CPU.Build.0 = Debug|Any CPU
		{9CB9DAFF-9A27-9BC8-8635-1B161FF2377C}.Release|Any CPU.ActiveCfg = Release|Any CPU
		{9CB9DAFF-9A27-9BC8-8635-1B161FF2377C}.Release|Any CPU.Build.0 = Release|Any CPU
		{FBC65114-D8BB-4279-A142-61526748CE7A}.Debug|Any CPU.ActiveCfg = Debug|Any CPU
		{FBC65114-D8BB-4279-A142-61526748CE7A}.Debug|Any CPU.Build.0 = Debug|Any CPU
		{FBC65114-D8BB-4279-A142-61526748CE7A}.Release|Any CPU.ActiveCfg = Release|Any CPU
		{FBC65114-D8BB-4279-A142-61526748CE7A}.Release|Any CPU.Build.0 = Release|Any CPU
		{2725FD5A-EDDA-6A91-FEDC-29BDC298A809}.Debug|Any CPU.ActiveCfg = Debug|Any CPU
		{2725FD5A-EDDA-6A91-FEDC-29BDC298A809}.Debug|Any CPU.Build.0 = Debug|Any CPU
		{2725FD5A-EDDA-6A91-FEDC-29BDC298A809}.Release|Any CPU.ActiveCfg = Release|Any CPU
		{2725FD5A-EDDA-6A91-FEDC-29BDC298A809}.Release|Any CPU.Build.0 = Release|Any CPU
		{588EF3C7-7408-35DB-DB00-836BB7071324}.Debug|Any CPU.ActiveCfg = Debug|Any CPU
		{588EF3C7-7408-35DB-DB00-836BB7071324}.Debug|Any CPU.Build.0 = Debug|Any CPU
		{588EF3C7-7408-35DB-DB00-836BB7071324}.Release|Any CPU.ActiveCfg = Release|Any CPU
		{588EF3C7-7408-35DB-DB00-836BB7071324}.Release|Any CPU.Build.0 = Release|Any CPU
		{D3169E43-5F32-4E43-BDF5-234841B528C3}.Debug|Any CPU.ActiveCfg = Debug|Any CPU
		{D3169E43-5F32-4E43-BDF5-234841B528C3}.Debug|Any CPU.Build.0 = Debug|Any CPU
		{D3169E43-5F32-4E43-BDF5-234841B528C3}.Release|Any CPU.ActiveCfg = Release|Any CPU
		{D3169E43-5F32-4E43-BDF5-234841B528C3}.Release|Any CPU.Build.0 = Release|Any CPU
		{923AF50C-A787-2358-988B-4C514095FB5A}.Debug|Any CPU.ActiveCfg = Debug|Any CPU
		{923AF50C-A787-2358-988B-4C514095FB5A}.Debug|Any CPU.Build.0 = Debug|Any CPU
		{923AF50C-A787-2358-988B-4C514095FB5A}.Release|Any CPU.ActiveCfg = Release|Any CPU
		{923AF50C-A787-2358-988B-4C514095FB5A}.Release|Any CPU.Build.0 = Release|Any CPU
		{D559D7E3-E8DF-4212-9169-A81066B65A39}.Debug|Any CPU.ActiveCfg = Debug|Any CPU
		{D559D7E3-E8DF-4212-9169-A81066B65A39}.Debug|Any CPU.Build.0 = Debug|Any CPU
		{D559D7E3-E8DF-4212-9169-A81066B65A39}.Release|Any CPU.ActiveCfg = Release|Any CPU
		{D559D7E3-E8DF-4212-9169-A81066B65A39}.Release|Any CPU.Build.0 = Release|Any CPU
		{AF961FB2-14A1-63F7-F966-2DC7CA69D7F1}.Debug|Any CPU.ActiveCfg = Debug|Any CPU
		{AF961FB2-14A1-63F7-F966-2DC7CA69D7F1}.Debug|Any CPU.Build.0 = Debug|Any CPU
		{AF961FB2-14A1-63F7-F966-2DC7CA69D7F1}.Release|Any CPU.ActiveCfg = Release|Any CPU
		{AF961FB2-14A1-63F7-F966-2DC7CA69D7F1}.Release|Any CPU.Build.0 = Release|Any CPU
		{085B0977-19DD-D2B8-F05C-0CE8C6824A62}.Debug|Any CPU.ActiveCfg = Debug|Any CPU
		{085B0977-19DD-D2B8-F05C-0CE8C6824A62}.Debug|Any CPU.Build.0 = Debug|Any CPU
		{085B0977-19DD-D2B8-F05C-0CE8C6824A62}.Release|Any CPU.ActiveCfg = Release|Any CPU
		{085B0977-19DD-D2B8-F05C-0CE8C6824A62}.Release|Any CPU.Build.0 = Release|Any CPU
		{0B7C94D0-0FEA-7B83-78D4-AE23D91EC34D}.Debug|Any CPU.ActiveCfg = Debug|Any CPU
		{0B7C94D0-0FEA-7B83-78D4-AE23D91EC34D}.Debug|Any CPU.Build.0 = Debug|Any CPU
		{0B7C94D0-0FEA-7B83-78D4-AE23D91EC34D}.Release|Any CPU.ActiveCfg = Release|Any CPU
		{0B7C94D0-0FEA-7B83-78D4-AE23D91EC34D}.Release|Any CPU.Build.0 = Release|Any CPU
		{8A700FDB-72EA-C18B-05C8-4D868A69F904}.Debug|Any CPU.ActiveCfg = Debug|Any CPU
		{8A700FDB-72EA-C18B-05C8-4D868A69F904}.Debug|Any CPU.Build.0 = Debug|Any CPU
		{8A700FDB-72EA-C18B-05C8-4D868A69F904}.Release|Any CPU.ActiveCfg = Release|Any CPU
		{8A700FDB-72EA-C18B-05C8-4D868A69F904}.Release|Any CPU.Build.0 = Release|Any CPU
		{86B9FC75-1D5D-7FEF-8CEB-6A7522CEF136}.Debug|Any CPU.ActiveCfg = Debug|Any CPU
		{86B9FC75-1D5D-7FEF-8CEB-6A7522CEF136}.Debug|Any CPU.Build.0 = Debug|Any CPU
		{86B9FC75-1D5D-7FEF-8CEB-6A7522CEF136}.Release|Any CPU.ActiveCfg = Release|Any CPU
		{86B9FC75-1D5D-7FEF-8CEB-6A7522CEF136}.Release|Any CPU.Build.0 = Release|Any CPU
		{AA3B2C5F-3142-FEF4-05CD-E17C4FDB0E67}.Debug|Any CPU.ActiveCfg = Debug|Any CPU
		{AA3B2C5F-3142-FEF4-05CD-E17C4FDB0E67}.Debug|Any CPU.Build.0 = Debug|Any CPU
		{AA3B2C5F-3142-FEF4-05CD-E17C4FDB0E67}.Release|Any CPU.ActiveCfg = Release|Any CPU
		{AA3B2C5F-3142-FEF4-05CD-E17C4FDB0E67}.Release|Any CPU.Build.0 = Release|Any CPU
		{847FBDEE-CA79-8081-A5B3-13D5914F6E51}.Debug|Any CPU.ActiveCfg = Debug|Any CPU
		{847FBDEE-CA79-8081-A5B3-13D5914F6E51}.Debug|Any CPU.Build.0 = Debug|Any CPU
		{847FBDEE-CA79-8081-A5B3-13D5914F6E51}.Release|Any CPU.ActiveCfg = Release|Any CPU
		{847FBDEE-CA79-8081-A5B3-13D5914F6E51}.Release|Any CPU.Build.0 = Release|Any CPU
		{D6784D75-471C-D5E2-0A38-19864AE05C93}.Debug|Any CPU.ActiveCfg = Debug|Any CPU
		{D6784D75-471C-D5E2-0A38-19864AE05C93}.Debug|Any CPU.Build.0 = Debug|Any CPU
		{D6784D75-471C-D5E2-0A38-19864AE05C93}.Release|Any CPU.ActiveCfg = Release|Any CPU
		{D6784D75-471C-D5E2-0A38-19864AE05C93}.Release|Any CPU.Build.0 = Release|Any CPU
		{71A6A73F-331F-8991-3CCB-37AB07060DF6}.Debug|Any CPU.ActiveCfg = Debug|Any CPU
		{71A6A73F-331F-8991-3CCB-37AB07060DF6}.Debug|Any CPU.Build.0 = Debug|Any CPU
		{71A6A73F-331F-8991-3CCB-37AB07060DF6}.Release|Any CPU.ActiveCfg = Release|Any CPU
		{71A6A73F-331F-8991-3CCB-37AB07060DF6}.Release|Any CPU.Build.0 = Release|Any CPU
		{BBFBBA75-9A73-F7C6-944D-AEE823A89F15}.Debug|Any CPU.ActiveCfg = Debug|Any CPU
		{BBFBBA75-9A73-F7C6-944D-AEE823A89F15}.Debug|Any CPU.Build.0 = Debug|Any CPU
		{BBFBBA75-9A73-F7C6-944D-AEE823A89F15}.Release|Any CPU.ActiveCfg = Release|Any CPU
		{BBFBBA75-9A73-F7C6-944D-AEE823A89F15}.Release|Any CPU.Build.0 = Release|Any CPU
		{AE4325FC-9DC9-F82A-2164-7A5F4E65C53F}.Debug|Any CPU.ActiveCfg = Debug|Any CPU
		{AE4325FC-9DC9-F82A-2164-7A5F4E65C53F}.Debug|Any CPU.Build.0 = Debug|Any CPU
		{AE4325FC-9DC9-F82A-2164-7A5F4E65C53F}.Release|Any CPU.ActiveCfg = Release|Any CPU
		{AE4325FC-9DC9-F82A-2164-7A5F4E65C53F}.Release|Any CPU.Build.0 = Release|Any CPU
		{4EF45959-867F-1F54-A5C4-F0FFFBB38BFC}.Debug|Any CPU.ActiveCfg = Debug|Any CPU
		{4EF45959-867F-1F54-A5C4-F0FFFBB38BFC}.Debug|Any CPU.Build.0 = Debug|Any CPU
		{4EF45959-867F-1F54-A5C4-F0FFFBB38BFC}.Release|Any CPU.ActiveCfg = Release|Any CPU
		{4EF45959-867F-1F54-A5C4-F0FFFBB38BFC}.Release|Any CPU.Build.0 = Release|Any CPU
		{588E694C-736E-2D13-81BB-F486FB3E33EE}.Debug|Any CPU.ActiveCfg = Debug|Any CPU
		{588E694C-736E-2D13-81BB-F486FB3E33EE}.Debug|Any CPU.Build.0 = Debug|Any CPU
		{588E694C-736E-2D13-81BB-F486FB3E33EE}.Release|Any CPU.ActiveCfg = Release|Any CPU
		{588E694C-736E-2D13-81BB-F486FB3E33EE}.Release|Any CPU.Build.0 = Release|Any CPU
		{230E8C0D-0B12-3A10-6B24-B8396DE1BE01}.Debug|Any CPU.ActiveCfg = Debug|Any CPU
		{230E8C0D-0B12-3A10-6B24-B8396DE1BE01}.Debug|Any CPU.Build.0 = Debug|Any CPU
		{230E8C0D-0B12-3A10-6B24-B8396DE1BE01}.Release|Any CPU.ActiveCfg = Release|Any CPU
		{230E8C0D-0B12-3A10-6B24-B8396DE1BE01}.Release|Any CPU.Build.0 = Release|Any CPU
		{3303F83E-0D6D-C570-416F-07FA1B5B3167}.Debug|Any CPU.ActiveCfg = Debug|Any CPU
		{3303F83E-0D6D-C570-416F-07FA1B5B3167}.Debug|Any CPU.Build.0 = Debug|Any CPU
		{3303F83E-0D6D-C570-416F-07FA1B5B3167}.Release|Any CPU.ActiveCfg = Release|Any CPU
		{3303F83E-0D6D-C570-416F-07FA1B5B3167}.Release|Any CPU.Build.0 = Release|Any CPU
		{5D855423-7A2B-5F3E-9411-5B1C6FAA0BAA}.Debug|Any CPU.ActiveCfg = Debug|Any CPU
		{5D855423-7A2B-5F3E-9411-5B1C6FAA0BAA}.Debug|Any CPU.Build.0 = Debug|Any CPU
		{5D855423-7A2B-5F3E-9411-5B1C6FAA0BAA}.Release|Any CPU.ActiveCfg = Release|Any CPU
		{5D855423-7A2B-5F3E-9411-5B1C6FAA0BAA}.Release|Any CPU.Build.0 = Release|Any CPU
		{9F5820EE-D90A-8FF8-E051-51554EB997F4}.Debug|Any CPU.ActiveCfg = Debug|Any CPU
		{9F5820EE-D90A-8FF8-E051-51554EB997F4}.Debug|Any CPU.Build.0 = Debug|Any CPU
		{9F5820EE-D90A-8FF8-E051-51554EB997F4}.Release|Any CPU.ActiveCfg = Release|Any CPU
		{9F5820EE-D90A-8FF8-E051-51554EB997F4}.Release|Any CPU.Build.0 = Release|Any CPU
		{A9B63A44-0B2B-477F-5F1C-ED9B0788F834}.Debug|Any CPU.ActiveCfg = Debug|Any CPU
		{A9B63A44-0B2B-477F-5F1C-ED9B0788F834}.Debug|Any CPU.Build.0 = Debug|Any CPU
		{A9B63A44-0B2B-477F-5F1C-ED9B0788F834}.Release|Any CPU.ActiveCfg = Release|Any CPU
		{A9B63A44-0B2B-477F-5F1C-ED9B0788F834}.Release|Any CPU.Build.0 = Release|Any CPU
		{EEEF632B-B766-C376-492A-2E986E29BC55}.Debug|Any CPU.ActiveCfg = Debug|Any CPU
		{EEEF632B-B766-C376-492A-2E986E29BC55}.Debug|Any CPU.Build.0 = Debug|Any CPU
		{EEEF632B-B766-C376-492A-2E986E29BC55}.Release|Any CPU.ActiveCfg = Release|Any CPU
		{EEEF632B-B766-C376-492A-2E986E29BC55}.Release|Any CPU.Build.0 = Release|Any CPU
		{6EFE9D3F-55C1-1586-E1CF-70523678E330}.Debug|Any CPU.ActiveCfg = Debug|Any CPU
		{6EFE9D3F-55C1-1586-E1CF-70523678E330}.Debug|Any CPU.Build.0 = Debug|Any CPU
		{6EFE9D3F-55C1-1586-E1CF-70523678E330}.Release|Any CPU.ActiveCfg = Release|Any CPU
		{6EFE9D3F-55C1-1586-E1CF-70523678E330}.Release|Any CPU.Build.0 = Release|Any CPU
		{3DBBB395-8B55-5111-EDFF-EEB05DD4E70F}.Debug|Any CPU.ActiveCfg = Debug|Any CPU
		{3DBBB395-8B55-5111-EDFF-EEB05DD4E70F}.Debug|Any CPU.Build.0 = Debug|Any CPU
		{3DBBB395-8B55-5111-EDFF-EEB05DD4E70F}.Release|Any CPU.ActiveCfg = Release|Any CPU
		{3DBBB395-8B55-5111-EDFF-EEB05DD4E70F}.Release|Any CPU.Build.0 = Release|Any CPU
		{675975A1-D1ED-D03C-CFC2-721C69543301}.Debug|Any CPU.ActiveCfg = Debug|Any CPU
		{675975A1-D1ED-D03C-CFC2-721C69543301}.Debug|Any CPU.Build.0 = Debug|Any CPU
		{675975A1-D1ED-D03C-CFC2-721C69543301}.Release|Any CPU.ActiveCfg = Release|Any CPU
		{675975A1-D1ED-D03C-CFC2-721C69543301}.Release|Any CPU.Build.0 = Release|Any CPU
		{06C080AB-DA39-7365-D75E-A9E36159EDEB}.Debug|Any CPU.ActiveCfg = Debug|Any CPU
		{06C080AB-DA39-7365-D75E-A9E36159EDEB}.Debug|Any CPU.Build.0 = Debug|Any CPU
		{06C080AB-DA39-7365-D75E-A9E36159EDEB}.Release|Any CPU.ActiveCfg = Release|Any CPU
		{06C080AB-DA39-7365-D75E-A9E36159EDEB}.Release|Any CPU.Build.0 = Release|Any CPU
		{61F43DC7-6636-C6D4-E258-5EEAF1627DB5}.Debug|Any CPU.ActiveCfg = Debug|Any CPU
		{61F43DC7-6636-C6D4-E258-5EEAF1627DB5}.Debug|Any CPU.Build.0 = Debug|Any CPU
		{61F43DC7-6636-C6D4-E258-5EEAF1627DB5}.Release|Any CPU.ActiveCfg = Release|Any CPU
		{61F43DC7-6636-C6D4-E258-5EEAF1627DB5}.Release|Any CPU.Build.0 = Release|Any CPU
		{A50D0133-9DA0-2680-D49F-CB75D2011AA0}.Debug|Any CPU.ActiveCfg = Debug|Any CPU
		{A50D0133-9DA0-2680-D49F-CB75D2011AA0}.Debug|Any CPU.Build.0 = Debug|Any CPU
		{A50D0133-9DA0-2680-D49F-CB75D2011AA0}.Release|Any CPU.ActiveCfg = Release|Any CPU
		{A50D0133-9DA0-2680-D49F-CB75D2011AA0}.Release|Any CPU.Build.0 = Release|Any CPU
	EndGlobalSection
	GlobalSection(SolutionProperties) = preSolution
		HideSolutionNode = FALSE
	EndGlobalSection
EndGlobal
